
Microsoft Visual Studio Solution File, Format Version 12.00
# Visual Studio Version 17
VisualStudioVersion = 17.8.34205.153
MinimumVisualStudioVersion = 10.0.40219.1
Project("{9A19103F-16F7-4668-BE54-9A1E7A4F7556}") = "Blazor8State", "Blazor8State\Blazor8State\Blazor8State.csproj", "{9C2A90CD-8638-4C2B-87CD-F3DC7D99D083}"
EndProject
Project("{9A19103F-16F7-4668-BE54-9A1E7A4F7556}") = "Blazor8State.Client", "Blazor8State\Blazor8State.Client\Blazor8State.Client.csproj", "{EEE877AF-09EE-44A9-8670-BC3EE91847D6}"
EndProject
Global
	GlobalSection(SolutionConfigurationPlatforms) = preSolution
		Debug|Any CPU = Debug|Any CPU
		Release|Any CPU = Release|Any CPU
	EndGlobalSection
	GlobalSection(ProjectConfigurationPlatforms) = postSolution
		{9C2A90CD-8638-4C2B-87CD-F3DC7D99D083}.Debug|Any CPU.ActiveCfg = Debug|Any CPU
		{9C2A90CD-8638-4C2B-87CD-F3DC7D99D083}.Debug|Any CPU.Build.0 = Debug|Any CPU
		{9C2A90CD-8638-4C2B-87CD-F3DC7D99D083}.Release|Any CPU.ActiveCfg = Release|Any CPU
		{9C2A90CD-8638-4C2B-87CD-F3DC7D99D083}.Release|Any CPU.Build.0 = Release|Any CPU
		{EEE877AF-09EE-44A9-8670-BC3EE91847D6}.Debug|Any CPU.ActiveCfg = Debug|Any CPU
		{EEE877AF-09EE-44A9-8670-BC3EE91847D6}.Debug|Any CPU.Build.0 = Debug|Any CPU
		{EEE877AF-09EE-44A9-8670-BC3EE91847D6}.Release|Any CPU.ActiveCfg = Release|Any CPU
		{EEE877AF-09EE-44A9-8670-BC3EE91847D6}.Release|Any CPU.Build.0 = Release|Any CPU
	EndGlobalSection
	GlobalSection(SolutionProperties) = preSolution
		HideSolutionNode = FALSE
	EndGlobalSection
	GlobalSection(ExtensibilityGlobals) = postSolution
		SolutionGuid = {8E7AE4E2-F048-45C7-890B-8A94E111E7F0}
	EndGlobalSection
EndGlobal
